
Microsoft Visual Studio Solution File, Format Version 12.00
# Visual Studio Version 17
VisualStudioVersion = 17.2.32526.322
MinimumVisualStudioVersion = 10.0.40219.1
Project("{FAE04EC0-301F-11D3-BF4B-00C04F79EFBC}") = "InventoryHandler", "InventoryHandler\InventoryHandler.csproj", "{8651F48F-A3E0-4999-BC5D-40FCE80409FD}"
EndProject
Global
	GlobalSection(SolutionConfigurationPlatforms) = preSolution
		Debug|Any CPU = Debug|Any CPU
		Release|Any CPU = Release|Any CPU
	EndGlobalSection
	GlobalSection(ProjectConfigurationPlatforms) = postSolution
		{8651F48F-A3E0-4999-BC5D-40FCE80409FD}.Debug|Any CPU.ActiveCfg = Debug|Any CPU
		{8651F48F-A3E0-4999-BC5D-40FCE80409FD}.Debug|Any CPU.Build.0 = Debug|Any CPU
		{8651F48F-A3E0-4999-BC5D-40FCE80409FD}.Release|Any CPU.ActiveCfg = Release|Any CPU
		{8651F48F-A3E0-4999-BC5D-40FCE80409FD}.Release|Any CPU.Build.0 = Release|Any CPU
	EndGlobalSection
	GlobalSection(SolutionProperties) = preSolution
		HideSolutionNode = FALSE
	EndGlobalSection
	GlobalSection(ExtensibilityGlobals) = postSolution
		SolutionGuid = {EADEDB4F-7165-4660-AE1F-56663516A431}
	EndGlobalSection
EndGlobal
